// !$*UTF8*$!
{
	archiveVersion = 1;
	classes = {
	};
	objectVersion = 46;
	objects = {

/* Begin PBXBuildFile section */
		9C872BDB2900C6510DC322DB /* Pods_ContainerButler.framework in Frameworks */ = {isa = PBXBuildFile; fileRef = EC8ADA43DAE0B71D795C61A5 /* Pods_ContainerButler.framework */; };
		CD2CD60A1F66DE8B00C22166 /* .swiftlint.yml in Resources */ = {isa = PBXBuildFile; fileRef = CD2CD6091F66DE8B00C22166 /* .swiftlint.yml */; };
		CD3BAD6E1F72560A00902F91 /* GIBadgeView.m in Sources */ = {isa = PBXBuildFile; fileRef = CD3BAD6D1F72537800902F91 /* GIBadgeView.m */; };
		CD3BAD761F72580200902F91 /* YBPopupMenu.m in Sources */ = {isa = PBXBuildFile; fileRef = CD3BAD711F7257CA00902F91 /* YBPopupMenu.m */; };
		CD3BAD771F72580200902F91 /* YBPopupMenuPath.m in Sources */ = {isa = PBXBuildFile; fileRef = CD3BAD731F7257CA00902F91 /* YBPopupMenuPath.m */; };
		CD3BAD781F72580200902F91 /* YBRectConst.m in Sources */ = {isa = PBXBuildFile; fileRef = CD3BAD751F7257CA00902F91 /* YBRectConst.m */; };
		CD69C45B1F66874000623B91 /* AppDelegate.swift in Sources */ = {isa = PBXBuildFile; fileRef = CD69C45A1F66874000623B91 /* AppDelegate.swift */; };
		CD69C4631F66874000623B91 /* ContainerButler.xcdatamodeld in Sources */ = {isa = PBXBuildFile; fileRef = CD69C4611F66874000623B91 /* ContainerButler.xcdatamodeld */; };
		CD69C4651F66874000623B91 /* Assets.xcassets in Resources */ = {isa = PBXBuildFile; fileRef = CD69C4641F66874000623B91 /* Assets.xcassets */; };
		CD69C4681F66874000623B91 /* LaunchScreen.storyboard in Resources */ = {isa = PBXBuildFile; fileRef = CD69C4661F66874000623B91 /* LaunchScreen.storyboard */; };
		CD69C47A1F668EDF00623B91 /* Protocol.swift in Sources */ = {isa = PBXBuildFile; fileRef = CD69C4791F668EDF00623B91 /* Protocol.swift */; };
		CD69C47F1F668FE500623B91 /* BaseViewController.swift in Sources */ = {isa = PBXBuildFile; fileRef = CD69C47E1F668FE500623B91 /* BaseViewController.swift */; };
		CD69C4811F66908E00623B91 /* CommonWebVC.swift in Sources */ = {isa = PBXBuildFile; fileRef = CD69C4801F66908E00623B91 /* CommonWebVC.swift */; };
		CD69C4831F66916C00623B91 /* AppConfig.swift in Sources */ = {isa = PBXBuildFile; fileRef = CD69C4821F66916C00623B91 /* AppConfig.swift */; };
		CD78F08E1F6782AB00D50B7B /* HUD.swift in Sources */ = {isa = PBXBuildFile; fileRef = CD78F08D1F6782AB00D50B7B /* HUD.swift */; };
		CD78F0901F67AE3F00D50B7B /* Location.swift in Sources */ = {isa = PBXBuildFile; fileRef = CD78F08F1F67AE3F00D50B7B /* Location.swift */; };
		CD78F0921F67C66E00D50B7B /* NavigationController.swift in Sources */ = {isa = PBXBuildFile; fileRef = CD78F0911F67C66E00D50B7B /* NavigationController.swift */; };
		CD78F0941F67C6B000D50B7B /* TabBarController.swift in Sources */ = {isa = PBXBuildFile; fileRef = CD78F0931F67C6B000D50B7B /* TabBarController.swift */; };
		CD78F09C1F67D97300D50B7B /* CoreData.swift in Sources */ = {isa = PBXBuildFile; fileRef = CD78F0981F67D97300D50B7B /* CoreData.swift */; };
		CD78F09D1F67D97300D50B7B /* Extension.swift in Sources */ = {isa = PBXBuildFile; fileRef = CD78F09A1F67D97300D50B7B /* Extension.swift */; };
		CD78F09E1F67D97300D50B7B /* UIImagePickerController+RxCreate.swift in Sources */ = {isa = PBXBuildFile; fileRef = CD78F09B1F67D97300D50B7B /* UIImagePickerController+RxCreate.swift */; };
		CD7F85661F72387100BDE5AE /* CounterSectionHeaderView.swift in Sources */ = {isa = PBXBuildFile; fileRef = CD7F85651F72387100BDE5AE /* CounterSectionHeaderView.swift */; };
		CD844C471F70E82800D50722 /* auth_succeed@3x.png in Resources */ = {isa = PBXBuildFile; fileRef = CD84469B1F70E82600D50722 /* auth_succeed@3x.png */; };
		CD844C481F70E82800D50722 /* cash_out_succeed@3x.png in Resources */ = {isa = PBXBuildFile; fileRef = CD84469C1F70E82600D50722 /* cash_out_succeed@3x.png */; };
		CD844C491F70E82800D50722 /* earnings_icon@3x.png in Resources */ = {isa = PBXBuildFile; fileRef = CD84469D1F70E82600D50722 /* earnings_icon@3x.png */; };
		CD844C4A1F70E82800D50722 /* gender_female@3x.png in Resources */ = {isa = PBXBuildFile; fileRef = CD84469E1F70E82600D50722 /* gender_female@3x.png */; };
		CD844C4B1F70E82800D50722 /* gender_male@3x.png in Resources */ = {isa = PBXBuildFile; fileRef = CD84469F1F70E82600D50722 /* gender_male@3x.png */; };
		CD844C4C1F70E82800D50722 /* login_qq@3x.png in Resources */ = {isa = PBXBuildFile; fileRef = CD8446A01F70E82600D50722 /* login_qq@3x.png */; };
		CD844C4D1F70E82800D50722 /* login_sina@3x.png in Resources */ = {isa = PBXBuildFile; fileRef = CD8446A11F70E82600D50722 /* login_sina@3x.png */; };
		CD844C4E1F70E82800D50722 /* login_wechat@3x.png in Resources */ = {isa = PBXBuildFile; fileRef = CD8446A21F70E82600D50722 /* login_wechat@3x.png */; };
		CD844C4F1F70E82800D50722 /* loginBtn_highlighted@3x.png in Resources */ = {isa = PBXBuildFile; fileRef = CD8446A31F70E82600D50722 /* loginBtn_highlighted@3x.png */; };
		CD844C501F70E82800D50722 /* loginBtn_normal@3x.png in Resources */ = {isa = PBXBuildFile; fileRef = CD8446A41F70E82600D50722 /* loginBtn_normal@3x.png */; };
		CD844C511F70E82800D50722 /* pulic_pic_deleted@3x.png in Resources */ = {isa = PBXBuildFile; fileRef = CD8446A51F70E82600D50722 /* pulic_pic_deleted@3x.png */; };
		CD844C521F70E82800D50722 /* setting_binded_icon@3x.png in Resources */ = {isa = PBXBuildFile; fileRef = CD8446A61F70E82600D50722 /* setting_binded_icon@3x.png */; };
		CD844C531F70E82800D50722 /* upload_camre_icon@3x.png in Resources */ = {isa = PBXBuildFile; fileRef = CD8446A71F70E82600D50722 /* upload_camre_icon@3x.png */; };
		CD844C541F70E82800D50722 /* user_center_account@3x.png in Resources */ = {isa = PBXBuildFile; fileRef = CD8446A81F70E82600D50722 /* user_center_account@3x.png */; };
		CD844C551F70E82800D50722 /* user_center_allorder@3x.png in Resources */ = {isa = PBXBuildFile; fileRef = CD8446A91F70E82600D50722 /* user_center_allorder@3x.png */; };
		CD844C561F70E82800D50722 /* user_center_captch@3x.png in Resources */ = {isa = PBXBuildFile; fileRef = CD8446AA1F70E82600D50722 /* user_center_captch@3x.png */; };
		CD844C571F70E82800D50722 /* user_center_enter_pwd@3x.png in Resources */ = {isa = PBXBuildFile; fileRef = CD8446AB1F70E82600D50722 /* user_center_enter_pwd@3x.png */; };
		CD844C581F70E82800D50722 /* user_center_exchange@3x.png in Resources */ = {isa = PBXBuildFile; fileRef = CD8446AC1F70E82600D50722 /* user_center_exchange@3x.png */; };
		CD844C591F70E82800D50722 /* user_center_header_bg@3x.png in Resources */ = {isa = PBXBuildFile; fileRef = CD8446AD1F70E82600D50722 /* user_center_header_bg@3x.png */; };
		CD844C5A1F70E82800D50722 /* user_center_level_bg.png in Resources */ = {isa = PBXBuildFile; fileRef = CD8446AE1F70E82600D50722 /* user_center_level_bg.png */; };
		CD844C5B1F70E82800D50722 /* user_center_more@3x.png in Resources */ = {isa = PBXBuildFile; fileRef = CD8446AF1F70E82600D50722 /* user_center_more@3x.png */; };
		CD844C5C1F70E82800D50722 /* user_center_paizza@3x.png in Resources */ = {isa = PBXBuildFile; fileRef = CD8446B01F70E82600D50722 /* user_center_paizza@3x.png */; };
		CD844C5D1F70E82800D50722 /* user_center_pwd@3x.png in Resources */ = {isa = PBXBuildFile; fileRef = CD8446B11F70E82600D50722 /* user_center_pwd@3x.png */; };
		CD844C5E1F70E82800D50722 /* user_center_server@3x.png in Resources */ = {isa = PBXBuildFile; fileRef = CD8446B21F70E82600D50722 /* user_center_server@3x.png */; };
		CD844C5F1F70E82800D50722 /* user_center_vip@3x.png in Resources */ = {isa = PBXBuildFile; fileRef = CD8446B31F70E82600D50722 /* user_center_vip@3x.png */; };
		CD844C601F70E82800D50722 /* user_center_vip_copper_normal@3x.png in Resources */ = {isa = PBXBuildFile; fileRef = CD8446B41F70E82600D50722 /* user_center_vip_copper_normal@3x.png */; };
		CD844C611F70E82800D50722 /* user_center_vip_copper_seletced@3x.png in Resources */ = {isa = PBXBuildFile; fileRef = CD8446B51F70E82600D50722 /* user_center_vip_copper_seletced@3x.png */; };
		CD844C621F70E82800D50722 /* user_center_vip_diamond_normal@3x.png in Resources */ = {isa = PBXBuildFile; fileRef = CD8446B61F70E82600D50722 /* user_center_vip_diamond_normal@3x.png */; };
		CD844C631F70E82800D50722 /* user_center_vip_diamond_seletced@3x.png in Resources */ = {isa = PBXBuildFile; fileRef = CD8446B71F70E82600D50722 /* user_center_vip_diamond_seletced@3x.png */; };
		CD844C641F70E82800D50722 /* user_center_vip_gold_normal@3x.png in Resources */ = {isa = PBXBuildFile; fileRef = CD8446B81F70E82600D50722 /* user_center_vip_gold_normal@3x.png */; };
		CD844C651F70E82800D50722 /* user_center_vip_gold_seletced@3x.png in Resources */ = {isa = PBXBuildFile; fileRef = CD8446B91F70E82600D50722 /* user_center_vip_gold_seletced@3x.png */; };
		CD844C661F70E82800D50722 /* user_center_vip_king_normal@3x.png in Resources */ = {isa = PBXBuildFile; fileRef = CD8446BA1F70E82600D50722 /* user_center_vip_king_normal@3x.png */; };
		CD844C671F70E82800D50722 /* user_center_vip_king_seletced@3x.png in Resources */ = {isa = PBXBuildFile; fileRef = CD8446BB1F70E82600D50722 /* user_center_vip_king_seletced@3x.png */; };
		CD844C681F70E82800D50722 /* user_center_vip_seletced_normal@3x.png in Resources */ = {isa = PBXBuildFile; fileRef = CD8446BC1F70E82600D50722 /* user_center_vip_seletced_normal@3x.png */; };
		CD844C691F70E82800D50722 /* user_center_vip_silver_normal@3x.png in Resources */ = {isa = PBXBuildFile; fileRef = CD8446BD1F70E82600D50722 /* user_center_vip_silver_normal@3x.png */; };
		CD844C6A1F70E82800D50722 /* user_center_vip_silver_seletced@3x.png in Resources */ = {isa = PBXBuildFile; fileRef = CD8446BE1F70E82600D50722 /* user_center_vip_silver_seletced@3x.png */; };
		CD844C6B1F70E82800D50722 /* user_center_vipbtn_bg@3x.png in Resources */ = {isa = PBXBuildFile; fileRef = CD8446BF1F70E82600D50722 /* user_center_vipbtn_bg@3x.png */; };
		CD844C6C1F70E82800D50722 /* user_center_wait_comment@3x.png in Resources */ = {isa = PBXBuildFile; fileRef = CD8446C01F70E82600D50722 /* user_center_wait_comment@3x.png */; };
		CD844C6D1F70E82800D50722 /* user_center_wait_resiverd@3x.png in Resources */ = {isa = PBXBuildFile; fileRef = CD8446C11F70E82600D50722 /* user_center_wait_resiverd@3x.png */; };
		CD844C6E1F70E82800D50722 /* user_center_waitPay@3x.png in Resources */ = {isa = PBXBuildFile; fileRef = CD8446C21F70E82600D50722 /* user_center_waitPay@3x.png */; };
		CD844C6F1F70E82800D50722 /* user_center_waitting_send@3x.png in Resources */ = {isa = PBXBuildFile; fileRef = CD8446C31F70E82600D50722 /* user_center_waitting_send@3x.png */; };
		CD844C701F70E82800D50722 /* user_look_history@3x.png in Resources */ = {isa = PBXBuildFile; fileRef = CD8446C41F70E82600D50722 /* user_look_history@3x.png */; };
		CD844C711F70E82800D50722 /* user_myactivity@3x.png in Resources */ = {isa = PBXBuildFile; fileRef = CD8446C51F70E82600D50722 /* user_myactivity@3x.png */; };
		CD844C721F70E82800D50722 /* user_nav_message_black@3x.png in Resources */ = {isa = PBXBuildFile; fileRef = CD8446C61F70E82600D50722 /* user_nav_message_black@3x.png */; };
		CD844C731F70E82800D50722 /* user_nav_message_white@3x.png in Resources */ = {isa = PBXBuildFile; fileRef = CD8446C71F70E82600D50722 /* user_nav_message_white@3x.png */; };
		CD844C741F70E82800D50722 /* user_nav_setting_black@3x.png in Resources */ = {isa = PBXBuildFile; fileRef = CD8446C81F70E82600D50722 /* user_nav_setting_black@3x.png */; };
		CD844C751F70E82800D50722 /* user_nav_setting_white@3x.png in Resources */ = {isa = PBXBuildFile; fileRef = CD8446C91F70E82600D50722 /* user_nav_setting_white@3x.png */; };
		CD844C761F70E82800D50722 /* user_nologin@3x.png in Resources */ = {isa = PBXBuildFile; fileRef = CD8446CA1F70E82600D50722 /* user_nologin@3x.png */; };
		CD844C771F70E82800D50722 /* user_phone_num@3x.png in Resources */ = {isa = PBXBuildFile; fileRef = CD8446CB1F70E82600D50722 /* user_phone_num@3x.png */; };
		CD844C781F70E82800D50722 /* user_wallet_img@3x.png in Resources */ = {isa = PBXBuildFile; fileRef = CD8446CC1F70E82600D50722 /* user_wallet_img@3x.png */; };
		CD844C791F70E82800D50722 /* vip_bg_enalble@3x.png in Resources */ = {isa = PBXBuildFile; fileRef = CD8446CD1F70E82600D50722 /* vip_bg_enalble@3x.png */; };
		CD844C7A1F70E82800D50722 /* vip_bg_normal@3x.png in Resources */ = {isa = PBXBuildFile; fileRef = CD8446CE1F70E82600D50722 /* vip_bg_normal@3x.png */; };
		CD844C7B1F70E82800D50722 /* vip_bg_seletced@3x.png in Resources */ = {isa = PBXBuildFile; fileRef = CD8446CF1F70E82600D50722 /* vip_bg_seletced@3x.png */; };
		CD844C7F1F70E8F900D50722 /* Model.swift in Sources */ = {isa = PBXBuildFile; fileRef = CD844C7D1F70E8F900D50722 /* Model.swift */; };
		CD844C801F70E8F900D50722 /* ResponseObject.swift in Sources */ = {isa = PBXBuildFile; fileRef = CD844C7E1F70E8F900D50722 /* ResponseObject.swift */; };
		CD844C821F70F23A00D50722 /* CaptchaLoginVC.swift in Sources */ = {isa = PBXBuildFile; fileRef = CD844C811F70F23A00D50722 /* CaptchaLoginVC.swift */; };
		CDB99FD91F70C9A900C68D72 /* UIButton+CountDown.m in Sources */ = {isa = PBXBuildFile; fileRef = CDB99FD81F70C9A900C68D72 /* UIButton+CountDown.m */; };
		CDE202941F7102CD00CB0145 /* ResetPasswordVC.swift in Sources */ = {isa = PBXBuildFile; fileRef = CDE202931F7102CD00CB0145 /* ResetPasswordVC.swift */; };
		CDE202971F71100800CB0145 /* CounterViewController.swift in Sources */ = {isa = PBXBuildFile; fileRef = CDE202961F71100800CB0145 /* CounterViewController.swift */; };
		CDE202991F71160300CB0145 /* CounterTableViewCell.swift in Sources */ = {isa = PBXBuildFile; fileRef = CDE202981F71160300CB0145 /* CounterTableViewCell.swift */; };
		CDE2029D1F71187800CB0145 /* CounterViewModel.swift in Sources */ = {isa = PBXBuildFile; fileRef = CDE2029C1F71187800CB0145 /* CounterViewModel.swift */; };
		CDF6B50A1F68C44A000A1915 /* Network.swift in Sources */ = {isa = PBXBuildFile; fileRef = CDF6B5091F68C44A000A1915 /* Network.swift */; };
		CDF6B50C1F68C4A6000A1915 /* Router.swift in Sources */ = {isa = PBXBuildFile; fileRef = CDF6B50B1F68C4A6000A1915 /* Router.swift */; };
		CDF6B50E1F68C88D000A1915 /* RequestManager.swift in Sources */ = {isa = PBXBuildFile; fileRef = CDF6B50D1F68C88D000A1915 /* RequestManager.swift */; };
		CDF6B5101F68D136000A1915 /* Enum.swift in Sources */ = {isa = PBXBuildFile; fileRef = CDF6B50F1F68D136000A1915 /* Enum.swift */; };
		CDFE07A31F70BEB500C89CA9 /* LoginViewController.swift in Sources */ = {isa = PBXBuildFile; fileRef = CDFE07A21F70BEB500C89CA9 /* LoginViewController.swift */; };
/* End PBXBuildFile section */

/* Begin PBXFileReference section */
		023F0DC873BB46850BA2711A /* Pods-ContainerButler.release.xcconfig */ = {isa = PBXFileReference; includeInIndex = 1; lastKnownFileType = text.xcconfig; name = "Pods-ContainerButler.release.xcconfig"; path = "Pods/Target Support Files/Pods-ContainerButler/Pods-ContainerButler.release.xcconfig"; sourceTree = "<group>"; };
		3A33785C1CC8431B187D1A1B /* Pods-ContainerButler.debug.xcconfig */ = {isa = PBXFileReference; includeInIndex = 1; lastKnownFileType = text.xcconfig; name = "Pods-ContainerButler.debug.xcconfig"; path = "Pods/Target Support Files/Pods-ContainerButler/Pods-ContainerButler.debug.xcconfig"; sourceTree = "<group>"; };
		CD2CD6091F66DE8B00C22166 /* .swiftlint.yml */ = {isa = PBXFileReference; fileEncoding = 4; lastKnownFileType = text; path = .swiftlint.yml; sourceTree = SOURCE_ROOT; };
		CD3BAD6C1F72537800902F91 /* GIBadgeView.h */ = {isa = PBXFileReference; lastKnownFileType = sourcecode.c.h; path = GIBadgeView.h; sourceTree = "<group>"; };
		CD3BAD6D1F72537800902F91 /* GIBadgeView.m */ = {isa = PBXFileReference; lastKnownFileType = sourcecode.c.objc; path = GIBadgeView.m; sourceTree = "<group>"; };
		CD3BAD701F7257CA00902F91 /* YBPopupMenu.h */ = {isa = PBXFileReference; lastKnownFileType = sourcecode.c.h; path = YBPopupMenu.h; sourceTree = "<group>"; };
		CD3BAD711F7257CA00902F91 /* YBPopupMenu.m */ = {isa = PBXFileReference; lastKnownFileType = sourcecode.c.objc; path = YBPopupMenu.m; sourceTree = "<group>"; };
		CD3BAD721F7257CA00902F91 /* YBPopupMenuPath.h */ = {isa = PBXFileReference; lastKnownFileType = sourcecode.c.h; path = YBPopupMenuPath.h; sourceTree = "<group>"; };
		CD3BAD731F7257CA00902F91 /* YBPopupMenuPath.m */ = {isa = PBXFileReference; lastKnownFileType = sourcecode.c.objc; path = YBPopupMenuPath.m; sourceTree = "<group>"; };
		CD3BAD741F7257CA00902F91 /* YBRectConst.h */ = {isa = PBXFileReference; lastKnownFileType = sourcecode.c.h; path = YBRectConst.h; sourceTree = "<group>"; };
		CD3BAD751F7257CA00902F91 /* YBRectConst.m */ = {isa = PBXFileReference; lastKnownFileType = sourcecode.c.objc; path = YBRectConst.m; sourceTree = "<group>"; };
		CD69C4571F66874000623B91 /* ContainerButler.app */ = {isa = PBXFileReference; explicitFileType = wrapper.application; includeInIndex = 0; path = ContainerButler.app; sourceTree = BUILT_PRODUCTS_DIR; };
		CD69C45A1F66874000623B91 /* AppDelegate.swift */ = {isa = PBXFileReference; lastKnownFileType = sourcecode.swift; path = AppDelegate.swift; sourceTree = "<group>"; };
		CD69C4621F66874000623B91 /* ContainerButler.xcdatamodel */ = {isa = PBXFileReference; lastKnownFileType = wrapper.xcdatamodel; path = ContainerButler.xcdatamodel; sourceTree = "<group>"; };
		CD69C4641F66874000623B91 /* Assets.xcassets */ = {isa = PBXFileReference; lastKnownFileType = folder.assetcatalog; path = Assets.xcassets; sourceTree = "<group>"; };
		CD69C4671F66874000623B91 /* Base */ = {isa = PBXFileReference; lastKnownFileType = file.storyboard; name = Base; path = Base.lproj/LaunchScreen.storyboard; sourceTree = "<group>"; };
		CD69C4691F66874000623B91 /* Info.plist */ = {isa = PBXFileReference; lastKnownFileType = text.plist.xml; path = Info.plist; sourceTree = "<group>"; };
		CD69C4781F668E3000623B91 /* Container-Bridge-Header.h */ = {isa = PBXFileReference; lastKnownFileType = sourcecode.c.h; path = "Container-Bridge-Header.h"; sourceTree = "<group>"; };
		CD69C4791F668EDF00623B91 /* Protocol.swift */ = {isa = PBXFileReference; fileEncoding = 4; lastKnownFileType = sourcecode.swift; path = Protocol.swift; sourceTree = "<group>"; };
		CD69C47E1F668FE500623B91 /* BaseViewController.swift */ = {isa = PBXFileReference; fileEncoding = 4; lastKnownFileType = sourcecode.swift; path = BaseViewController.swift; sourceTree = "<group>"; };
		CD69C4801F66908E00623B91 /* CommonWebVC.swift */ = {isa = PBXFileReference; fileEncoding = 4; lastKnownFileType = sourcecode.swift; path = CommonWebVC.swift; sourceTree = "<group>"; };
		CD69C4821F66916C00623B91 /* AppConfig.swift */ = {isa = PBXFileReference; fileEncoding = 4; lastKnownFileType = sourcecode.swift; path = AppConfig.swift; sourceTree = "<group>"; };
		CD78F08D1F6782AB00D50B7B /* HUD.swift */ = {isa = PBXFileReference; fileEncoding = 4; lastKnownFileType = sourcecode.swift; path = HUD.swift; sourceTree = "<group>"; };
		CD78F08F1F67AE3F00D50B7B /* Location.swift */ = {isa = PBXFileReference; fileEncoding = 4; lastKnownFileType = sourcecode.swift; path = Location.swift; sourceTree = "<group>"; };
		CD78F0911F67C66E00D50B7B /* NavigationController.swift */ = {isa = PBXFileReference; fileEncoding = 4; lastKnownFileType = sourcecode.swift; path = NavigationController.swift; sourceTree = "<group>"; };
		CD78F0931F67C6B000D50B7B /* TabBarController.swift */ = {isa = PBXFileReference; fileEncoding = 4; lastKnownFileType = sourcecode.swift; path = TabBarController.swift; sourceTree = "<group>"; };
		CD78F0981F67D97300D50B7B /* CoreData.swift */ = {isa = PBXFileReference; fileEncoding = 4; lastKnownFileType = sourcecode.swift; path = CoreData.swift; sourceTree = "<group>"; };
		CD78F09A1F67D97300D50B7B /* Extension.swift */ = {isa = PBXFileReference; fileEncoding = 4; lastKnownFileType = sourcecode.swift; path = Extension.swift; sourceTree = "<group>"; };
		CD78F09B1F67D97300D50B7B /* UIImagePickerController+RxCreate.swift */ = {isa = PBXFileReference; fileEncoding = 4; lastKnownFileType = sourcecode.swift; path = "UIImagePickerController+RxCreate.swift"; sourceTree = "<group>"; };
		CD7F85651F72387100BDE5AE /* CounterSectionHeaderView.swift */ = {isa = PBXFileReference; lastKnownFileType = sourcecode.swift; path = CounterSectionHeaderView.swift; sourceTree = "<group>"; };
		CD84469B1F70E82600D50722 /* auth_succeed@3x.png */ = {isa = PBXFileReference; lastKnownFileType = image.png; path = "auth_succeed@3x.png"; sourceTree = "<group>"; };
		CD84469C1F70E82600D50722 /* cash_out_succeed@3x.png */ = {isa = PBXFileReference; lastKnownFileType = image.png; path = "cash_out_succeed@3x.png"; sourceTree = "<group>"; };
		CD84469D1F70E82600D50722 /* earnings_icon@3x.png */ = {isa = PBXFileReference; lastKnownFileType = image.png; path = "earnings_icon@3x.png"; sourceTree = "<group>"; };
		CD84469E1F70E82600D50722 /* gender_female@3x.png */ = {isa = PBXFileReference; lastKnownFileType = image.png; path = "gender_female@3x.png"; sourceTree = "<group>"; };
		CD84469F1F70E82600D50722 /* gender_male@3x.png */ = {isa = PBXFileReference; lastKnownFileType = image.png; path = "gender_male@3x.png"; sourceTree = "<group>"; };
		CD8446A01F70E82600D50722 /* login_qq@3x.png */ = {isa = PBXFileReference; lastKnownFileType = image.png; path = "login_qq@3x.png"; sourceTree = "<group>"; };
		CD8446A11F70E82600D50722 /* login_sina@3x.png */ = {isa = PBXFileReference; lastKnownFileType = image.png; path = "login_sina@3x.png"; sourceTree = "<group>"; };
		CD8446A21F70E82600D50722 /* login_wechat@3x.png */ = {isa = PBXFileReference; lastKnownFileType = image.png; path = "login_wechat@3x.png"; sourceTree = "<group>"; };
		CD8446A31F70E82600D50722 /* loginBtn_highlighted@3x.png */ = {isa = PBXFileReference; lastKnownFileType = image.png; path = "loginBtn_highlighted@3x.png"; sourceTree = "<group>"; };
		CD8446A41F70E82600D50722 /* loginBtn_normal@3x.png */ = {isa = PBXFileReference; lastKnownFileType = image.png; path = "loginBtn_normal@3x.png"; sourceTree = "<group>"; };
		CD8446A51F70E82600D50722 /* pulic_pic_deleted@3x.png */ = {isa = PBXFileReference; lastKnownFileType = image.png; path = "pulic_pic_deleted@3x.png"; sourceTree = "<group>"; };
		CD8446A61F70E82600D50722 /* setting_binded_icon@3x.png */ = {isa = PBXFileReference; lastKnownFileType = image.png; path = "setting_binded_icon@3x.png"; sourceTree = "<group>"; };
		CD8446A71F70E82600D50722 /* upload_camre_icon@3x.png */ = {isa = PBXFileReference; lastKnownFileType = image.png; path = "upload_camre_icon@3x.png"; sourceTree = "<group>"; };
		CD8446A81F70E82600D50722 /* user_center_account@3x.png */ = {isa = PBXFileReference; lastKnownFileType = image.png; path = "user_center_account@3x.png"; sourceTree = "<group>"; };
		CD8446A91F70E82600D50722 /* user_center_allorder@3x.png */ = {isa = PBXFileReference; lastKnownFileType = image.png; path = "user_center_allorder@3x.png"; sourceTree = "<group>"; };
		CD8446AA1F70E82600D50722 /* user_center_captch@3x.png */ = {isa = PBXFileReference; lastKnownFileType = image.png; path = "user_center_captch@3x.png"; sourceTree = "<group>"; };
		CD8446AB1F70E82600D50722 /* user_center_enter_pwd@3x.png */ = {isa = PBXFileReference; lastKnownFileType = image.png; path = "user_center_enter_pwd@3x.png"; sourceTree = "<group>"; };
		CD8446AC1F70E82600D50722 /* user_center_exchange@3x.png */ = {isa = PBXFileReference; lastKnownFileType = image.png; path = "user_center_exchange@3x.png"; sourceTree = "<group>"; };
		CD8446AD1F70E82600D50722 /* user_center_header_bg@3x.png */ = {isa = PBXFileReference; lastKnownFileType = image.png; path = "user_center_header_bg@3x.png"; sourceTree = "<group>"; };
		CD8446AE1F70E82600D50722 /* user_center_level_bg.png */ = {isa = PBXFileReference; lastKnownFileType = image.png; path = user_center_level_bg.png; sourceTree = "<group>"; };
		CD8446AF1F70E82600D50722 /* user_center_more@3x.png */ = {isa = PBXFileReference; lastKnownFileType = image.png; path = "user_center_more@3x.png"; sourceTree = "<group>"; };
		CD8446B01F70E82600D50722 /* user_center_paizza@3x.png */ = {isa = PBXFileReference; lastKnownFileType = image.png; path = "user_center_paizza@3x.png"; sourceTree = "<group>"; };
		CD8446B11F70E82600D50722 /* user_center_pwd@3x.png */ = {isa = PBXFileReference; lastKnownFileType = image.png; path = "user_center_pwd@3x.png"; sourceTree = "<group>"; };
		CD8446B21F70E82600D50722 /* user_center_server@3x.png */ = {isa = PBXFileReference; lastKnownFileType = image.png; path = "user_center_server@3x.png"; sourceTree = "<group>"; };
		CD8446B31F70E82600D50722 /* user_center_vip@3x.png */ = {isa = PBXFileReference; lastKnownFileType = image.png; path = "user_center_vip@3x.png"; sourceTree = "<group>"; };
		CD8446B41F70E82600D50722 /* user_center_vip_copper_normal@3x.png */ = {isa = PBXFileReference; lastKnownFileType = image.png; path = "user_center_vip_copper_normal@3x.png"; sourceTree = "<group>"; };
		CD8446B51F70E82600D50722 /* user_center_vip_copper_seletced@3x.png */ = {isa = PBXFileReference; lastKnownFileType = image.png; path = "user_center_vip_copper_seletced@3x.png"; sourceTree = "<group>"; };
		CD8446B61F70E82600D50722 /* user_center_vip_diamond_normal@3x.png */ = {isa = PBXFileReference; lastKnownFileType = image.png; path = "user_center_vip_diamond_normal@3x.png"; sourceTree = "<group>"; };
		CD8446B71F70E82600D50722 /* user_center_vip_diamond_seletced@3x.png */ = {isa = PBXFileReference; lastKnownFileType = image.png; path = "user_center_vip_diamond_seletced@3x.png"; sourceTree = "<group>"; };
		CD8446B81F70E82600D50722 /* user_center_vip_gold_normal@3x.png */ = {isa = PBXFileReference; lastKnownFileType = image.png; path = "user_center_vip_gold_normal@3x.png"; sourceTree = "<group>"; };
		CD8446B91F70E82600D50722 /* user_center_vip_gold_seletced@3x.png */ = {isa = PBXFileReference; lastKnownFileType = image.png; path = "user_center_vip_gold_seletced@3x.png"; sourceTree = "<group>"; };
		CD8446BA1F70E82600D50722 /* user_center_vip_king_normal@3x.png */ = {isa = PBXFileReference; lastKnownFileType = image.png; path = "user_center_vip_king_normal@3x.png"; sourceTree = "<group>"; };
		CD8446BB1F70E82600D50722 /* user_center_vip_king_seletced@3x.png */ = {isa = PBXFileReference; lastKnownFileType = image.png; path = "user_center_vip_king_seletced@3x.png"; sourceTree = "<group>"; };
		CD8446BC1F70E82600D50722 /* user_center_vip_seletced_normal@3x.png */ = {isa = PBXFileReference; lastKnownFileType = image.png; path = "user_center_vip_seletced_normal@3x.png"; sourceTree = "<group>"; };
		CD8446BD1F70E82600D50722 /* user_center_vip_silver_normal@3x.png */ = {isa = PBXFileReference; lastKnownFileType = image.png; path = "user_center_vip_silver_normal@3x.png"; sourceTree = "<group>"; };
		CD8446BE1F70E82600D50722 /* user_center_vip_silver_seletced@3x.png */ = {isa = PBXFileReference; lastKnownFileType = image.png; path = "user_center_vip_silver_seletced@3x.png"; sourceTree = "<group>"; };
		CD8446BF1F70E82600D50722 /* user_center_vipbtn_bg@3x.png */ = {isa = PBXFileReference; lastKnownFileType = image.png; path = "user_center_vipbtn_bg@3x.png"; sourceTree = "<group>"; };
		CD8446C01F70E82600D50722 /* user_center_wait_comment@3x.png */ = {isa = PBXFileReference; lastKnownFileType = image.png; path = "user_center_wait_comment@3x.png"; sourceTree = "<group>"; };
		CD8446C11F70E82600D50722 /* user_center_wait_resiverd@3x.png */ = {isa = PBXFileReference; lastKnownFileType = image.png; path = "user_center_wait_resiverd@3x.png"; sourceTree = "<group>"; };
		CD8446C21F70E82600D50722 /* user_center_waitPay@3x.png */ = {isa = PBXFileReference; lastKnownFileType = image.png; path = "user_center_waitPay@3x.png"; sourceTree = "<group>"; };
		CD8446C31F70E82600D50722 /* user_center_waitting_send@3x.png */ = {isa = PBXFileReference; lastKnownFileType = image.png; path = "user_center_waitting_send@3x.png"; sourceTree = "<group>"; };
		CD8446C41F70E82600D50722 /* user_look_history@3x.png */ = {isa = PBXFileReference; lastKnownFileType = image.png; path = "user_look_history@3x.png"; sourceTree = "<group>"; };
		CD8446C51F70E82600D50722 /* user_myactivity@3x.png */ = {isa = PBXFileReference; lastKnownFileType = image.png; path = "user_myactivity@3x.png"; sourceTree = "<group>"; };
		CD8446C61F70E82600D50722 /* user_nav_message_black@3x.png */ = {isa = PBXFileReference; lastKnownFileType = image.png; path = "user_nav_message_black@3x.png"; sourceTree = "<group>"; };
		CD8446C71F70E82600D50722 /* user_nav_message_white@3x.png */ = {isa = PBXFileReference; lastKnownFileType = image.png; path = "user_nav_message_white@3x.png"; sourceTree = "<group>"; };
		CD8446C81F70E82600D50722 /* user_nav_setting_black@3x.png */ = {isa = PBXFileReference; lastKnownFileType = image.png; path = "user_nav_setting_black@3x.png"; sourceTree = "<group>"; };
		CD8446C91F70E82600D50722 /* user_nav_setting_white@3x.png */ = {isa = PBXFileReference; lastKnownFileType = image.png; path = "user_nav_setting_white@3x.png"; sourceTree = "<group>"; };
		CD8446CA1F70E82600D50722 /* user_nologin@3x.png */ = {isa = PBXFileReference; lastKnownFileType = image.png; path = "user_nologin@3x.png"; sourceTree = "<group>"; };
		CD8446CB1F70E82600D50722 /* user_phone_num@3x.png */ = {isa = PBXFileReference; lastKnownFileType = image.png; path = "user_phone_num@3x.png"; sourceTree = "<group>"; };
		CD8446CC1F70E82600D50722 /* user_wallet_img@3x.png */ = {isa = PBXFileReference; lastKnownFileType = image.png; path = "user_wallet_img@3x.png"; sourceTree = "<group>"; };
		CD8446CD1F70E82600D50722 /* vip_bg_enalble@3x.png */ = {isa = PBXFileReference; lastKnownFileType = image.png; path = "vip_bg_enalble@3x.png"; sourceTree = "<group>"; };
		CD8446CE1F70E82600D50722 /* vip_bg_normal@3x.png */ = {isa = PBXFileReference; lastKnownFileType = image.png; path = "vip_bg_normal@3x.png"; sourceTree = "<group>"; };
		CD8446CF1F70E82600D50722 /* vip_bg_seletced@3x.png */ = {isa = PBXFileReference; lastKnownFileType = image.png; path = "vip_bg_seletced@3x.png"; sourceTree = "<group>"; };
		CD844C7D1F70E8F900D50722 /* Model.swift */ = {isa = PBXFileReference; fileEncoding = 4; lastKnownFileType = sourcecode.swift; path = Model.swift; sourceTree = "<group>"; };
		CD844C7E1F70E8F900D50722 /* ResponseObject.swift */ = {isa = PBXFileReference; fileEncoding = 4; lastKnownFileType = sourcecode.swift; path = ResponseObject.swift; sourceTree = "<group>"; };
		CD844C811F70F23A00D50722 /* CaptchaLoginVC.swift */ = {isa = PBXFileReference; fileEncoding = 4; lastKnownFileType = sourcecode.swift; path = CaptchaLoginVC.swift; sourceTree = "<group>"; };
		CDB99FD71F70C9A900C68D72 /* UIButton+CountDown.h */ = {isa = PBXFileReference; fileEncoding = 4; lastKnownFileType = sourcecode.c.h; path = "UIButton+CountDown.h"; sourceTree = "<group>"; };
		CDB99FD81F70C9A900C68D72 /* UIButton+CountDown.m */ = {isa = PBXFileReference; fileEncoding = 4; lastKnownFileType = sourcecode.c.objc; path = "UIButton+CountDown.m"; sourceTree = "<group>"; };
		CDE202931F7102CD00CB0145 /* ResetPasswordVC.swift */ = {isa = PBXFileReference; fileEncoding = 4; lastKnownFileType = sourcecode.swift; path = ResetPasswordVC.swift; sourceTree = "<group>"; };
		CDE202961F71100800CB0145 /* CounterViewController.swift */ = {isa = PBXFileReference; fileEncoding = 4; lastKnownFileType = sourcecode.swift; path = CounterViewController.swift; sourceTree = "<group>"; };
		CDE202981F71160300CB0145 /* CounterTableViewCell.swift */ = {isa = PBXFileReference; fileEncoding = 4; lastKnownFileType = sourcecode.swift; path = CounterTableViewCell.swift; sourceTree = "<group>"; };
		CDE2029C1F71187800CB0145 /* CounterViewModel.swift */ = {isa = PBXFileReference; fileEncoding = 4; lastKnownFileType = sourcecode.swift; path = CounterViewModel.swift; sourceTree = "<group>"; };
		CDF6B5091F68C44A000A1915 /* Network.swift */ = {isa = PBXFileReference; fileEncoding = 4; lastKnownFileType = sourcecode.swift; path = Network.swift; sourceTree = "<group>"; };
		CDF6B50B1F68C4A6000A1915 /* Router.swift */ = {isa = PBXFileReference; fileEncoding = 4; lastKnownFileType = sourcecode.swift; path = Router.swift; sourceTree = "<group>"; };
		CDF6B50D1F68C88D000A1915 /* RequestManager.swift */ = {isa = PBXFileReference; fileEncoding = 4; lastKnownFileType = sourcecode.swift; path = RequestManager.swift; sourceTree = "<group>"; };
		CDF6B50F1F68D136000A1915 /* Enum.swift */ = {isa = PBXFileReference; fileEncoding = 4; lastKnownFileType = sourcecode.swift; path = Enum.swift; sourceTree = "<group>"; };
		CDFE07A21F70BEB500C89CA9 /* LoginViewController.swift */ = {isa = PBXFileReference; fileEncoding = 4; lastKnownFileType = sourcecode.swift; path = LoginViewController.swift; sourceTree = "<group>"; };
		EC8ADA43DAE0B71D795C61A5 /* Pods_ContainerButler.framework */ = {isa = PBXFileReference; explicitFileType = wrapper.framework; includeInIndex = 0; path = Pods_ContainerButler.framework; sourceTree = BUILT_PRODUCTS_DIR; };
/* End PBXFileReference section */

/* Begin PBXFrameworksBuildPhase section */
		CD69C4541F66874000623B91 /* Frameworks */ = {
			isa = PBXFrameworksBuildPhase;
			buildActionMask = 2147483647;
			files = (
				9C872BDB2900C6510DC322DB /* Pods_ContainerButler.framework in Frameworks */,
			);
			runOnlyForDeploymentPostprocessing = 0;
		};
/* End PBXFrameworksBuildPhase section */

/* Begin PBXGroup section */
		5A32A670EC8787A9116109B0 /* Frameworks */ = {
			isa = PBXGroup;
			children = (
				EC8ADA43DAE0B71D795C61A5 /* Pods_ContainerButler.framework */,
			);
			name = Frameworks;
			sourceTree = "<group>";
		};
		676A137499010502D7271480 /* Pods */ = {
			isa = PBXGroup;
			children = (
				3A33785C1CC8431B187D1A1B /* Pods-ContainerButler.debug.xcconfig */,
				023F0DC873BB46850BA2711A /* Pods-ContainerButler.release.xcconfig */,
			);
			name = Pods;
			sourceTree = "<group>";
		};
		CD3BAD6B1F72537800902F91 /* Badge */ = {
			isa = PBXGroup;
			children = (
				CD3BAD6C1F72537800902F91 /* GIBadgeView.h */,
				CD3BAD6D1F72537800902F91 /* GIBadgeView.m */,
			);
			path = Badge;
			sourceTree = "<group>";
		};
		CD3BAD6F1F7257CA00902F91 /* YBPopupMenu */ = {
			isa = PBXGroup;
			children = (
				CD3BAD701F7257CA00902F91 /* YBPopupMenu.h */,
				CD3BAD711F7257CA00902F91 /* YBPopupMenu.m */,
				CD3BAD721F7257CA00902F91 /* YBPopupMenuPath.h */,
				CD3BAD731F7257CA00902F91 /* YBPopupMenuPath.m */,
				CD3BAD741F7257CA00902F91 /* YBRectConst.h */,
				CD3BAD751F7257CA00902F91 /* YBRectConst.m */,
			);
			path = YBPopupMenu;
			sourceTree = "<group>";
		};
		CD69C44E1F66874000623B91 = {
			isa = PBXGroup;
			children = (
				CD69C4591F66874000623B91 /* ContainerButler */,
				CD69C4581F66874000623B91 /* Products */,
				676A137499010502D7271480 /* Pods */,
				5A32A670EC8787A9116109B0 /* Frameworks */,
			);
			sourceTree = "<group>";
		};
		CD69C4581F66874000623B91 /* Products */ = {
			isa = PBXGroup;
			children = (
				CD69C4571F66874000623B91 /* ContainerButler.app */,
			);
			name = Products;
			sourceTree = "<group>";
		};
		CD69C4591F66874000623B91 /* ContainerButler */ = {
			isa = PBXGroup;
			children = (
				CD69C45A1F66874000623B91 /* AppDelegate.swift */,
				CD844C7C1F70E8F900D50722 /* Model */,
				CD69C4711F66888D00623B91 /* View */,
				CD69C4721F66888D00623B91 /* ViewModel */,
				CD69C4701F66888D00623B91 /* Vendor */,
				CD8441101F70E82400D50722 /* Resource */,
				CD69C4641F66874000623B91 /* Assets.xcassets */,
				CD69C4661F66874000623B91 /* LaunchScreen.storyboard */,
				CD69C4691F66874000623B91 /* Info.plist */,
				CD2CD6091F66DE8B00C22166 /* .swiftlint.yml */,
				CD69C4611F66874000623B91 /* ContainerButler.xcdatamodeld */,
			);
			path = ContainerButler;
			sourceTree = "<group>";
		};
		CD69C4701F66888D00623B91 /* Vendor */ = {
			isa = PBXGroup;
			children = (
				CD78F0971F67D97300D50B7B /* CoreData */,
				CD78F0991F67D97300D50B7B /* Extension */,
				CD69C4771F668DFC00623B91 /* Common */,
				CD78F0951F67D92100D50B7B /* Lib */,
				CD78F0961F67D92100D50B7B /* Network */,
			);
			path = Vendor;
			sourceTree = "<group>";
		};
		CD69C4711F66888D00623B91 /* View */ = {
			isa = PBXGroup;
			children = (
				CD69C47D1F668FBB00623B91 /* Common */,
				CDE202951F710F6F00CB0145 /* Counter */,
				CDFE07A01F70BE3500C89CA9 /* User */,
			);
			path = View;
			sourceTree = "<group>";
		};
		CD69C4721F66888D00623B91 /* ViewModel */ = {
			isa = PBXGroup;
			children = (
				CDE2029B1F71186800CB0145 /* Counter */,
			);
			path = ViewModel;
			sourceTree = "<group>";
		};
		CD69C4771F668DFC00623B91 /* Common */ = {
			isa = PBXGroup;
			children = (
				CD69C4781F668E3000623B91 /* Container-Bridge-Header.h */,
				CD69C4791F668EDF00623B91 /* Protocol.swift */,
				CD69C4821F66916C00623B91 /* AppConfig.swift */,
				CD78F08F1F67AE3F00D50B7B /* Location.swift */,
				CDF6B50F1F68D136000A1915 /* Enum.swift */,
			);
			path = Common;
			sourceTree = "<group>";
		};
		CD69C47D1F668FBB00623B91 /* Common */ = {
			isa = PBXGroup;
			children = (
				CD69C47E1F668FE500623B91 /* BaseViewController.swift */,
				CD69C4801F66908E00623B91 /* CommonWebVC.swift */,
				CD78F08D1F6782AB00D50B7B /* HUD.swift */,
				CD78F0911F67C66E00D50B7B /* NavigationController.swift */,
				CD78F0931F67C6B000D50B7B /* TabBarController.swift */,
			);
			path = Common;
			sourceTree = "<group>";
		};
		CD78F0951F67D92100D50B7B /* Lib */ = {
			isa = PBXGroup;
			children = (
				CD3BAD6F1F7257CA00902F91 /* YBPopupMenu */,
				CD3BAD6B1F72537800902F91 /* Badge */,
				CDB99FD71F70C9A900C68D72 /* UIButton+CountDown.h */,
				CDB99FD81F70C9A900C68D72 /* UIButton+CountDown.m */,
			);
			path = Lib;
			sourceTree = "<group>";
		};
		CD78F0961F67D92100D50B7B /* Network */ = {
			isa = PBXGroup;
			children = (
				CDF6B5091F68C44A000A1915 /* Network.swift */,
				CDF6B50B1F68C4A6000A1915 /* Router.swift */,
				CDF6B50D1F68C88D000A1915 /* RequestManager.swift */,
			);
			path = Network;
			sourceTree = "<group>";
		};
		CD78F0971F67D97300D50B7B /* CoreData */ = {
			isa = PBXGroup;
			children = (
				CD78F0981F67D97300D50B7B /* CoreData.swift */,
			);
			path = CoreData;
			sourceTree = "<group>";
		};
		CD78F0991F67D97300D50B7B /* Extension */ = {
			isa = PBXGroup;
			children = (
				CD78F09A1F67D97300D50B7B /* Extension.swift */,
				CD78F09B1F67D97300D50B7B /* UIImagePickerController+RxCreate.swift */,
			);
			path = Extension;
			sourceTree = "<group>";
		};
		CD8441101F70E82400D50722 /* Resource */ = {
			isa = PBXGroup;
			children = (
				CD84469A1F70E82600D50722 /* UserCenter */,
			);
			path = Resource;
			sourceTree = "<group>";
		};
		CD84469A1F70E82600D50722 /* UserCenter */ = {
			isa = PBXGroup;
			children = (
				CD84469B1F70E82600D50722 /* auth_succeed@3x.png */,
				CD84469C1F70E82600D50722 /* cash_out_succeed@3x.png */,
				CD84469D1F70E82600D50722 /* earnings_icon@3x.png */,
				CD84469E1F70E82600D50722 /* gender_female@3x.png */,
				CD84469F1F70E82600D50722 /* gender_male@3x.png */,
				CD8446A01F70E82600D50722 /* login_qq@3x.png */,
				CD8446A11F70E82600D50722 /* login_sina@3x.png */,
				CD8446A21F70E82600D50722 /* login_wechat@3x.png */,
				CD8446A31F70E82600D50722 /* loginBtn_highlighted@3x.png */,
				CD8446A41F70E82600D50722 /* loginBtn_normal@3x.png */,
				CD8446A51F70E82600D50722 /* pulic_pic_deleted@3x.png */,
				CD8446A61F70E82600D50722 /* setting_binded_icon@3x.png */,
				CD8446A71F70E82600D50722 /* upload_camre_icon@3x.png */,
				CD8446A81F70E82600D50722 /* user_center_account@3x.png */,
				CD8446A91F70E82600D50722 /* user_center_allorder@3x.png */,
				CD8446AA1F70E82600D50722 /* user_center_captch@3x.png */,
				CD8446AB1F70E82600D50722 /* user_center_enter_pwd@3x.png */,
				CD8446AC1F70E82600D50722 /* user_center_exchange@3x.png */,
				CD8446AD1F70E82600D50722 /* user_center_header_bg@3x.png */,
				CD8446AE1F70E82600D50722 /* user_center_level_bg.png */,
				CD8446AF1F70E82600D50722 /* user_center_more@3x.png */,
				CD8446B01F70E82600D50722 /* user_center_paizza@3x.png */,
				CD8446B11F70E82600D50722 /* user_center_pwd@3x.png */,
				CD8446B21F70E82600D50722 /* user_center_server@3x.png */,
				CD8446B31F70E82600D50722 /* user_center_vip@3x.png */,
				CD8446B41F70E82600D50722 /* user_center_vip_copper_normal@3x.png */,
				CD8446B51F70E82600D50722 /* user_center_vip_copper_seletced@3x.png */,
				CD8446B61F70E82600D50722 /* user_center_vip_diamond_normal@3x.png */,
				CD8446B71F70E82600D50722 /* user_center_vip_diamond_seletced@3x.png */,
				CD8446B81F70E82600D50722 /* user_center_vip_gold_normal@3x.png */,
				CD8446B91F70E82600D50722 /* user_center_vip_gold_seletced@3x.png */,
				CD8446BA1F70E82600D50722 /* user_center_vip_king_normal@3x.png */,
				CD8446BB1F70E82600D50722 /* user_center_vip_king_seletced@3x.png */,
				CD8446BC1F70E82600D50722 /* user_center_vip_seletced_normal@3x.png */,
				CD8446BD1F70E82600D50722 /* user_center_vip_silver_normal@3x.png */,
				CD8446BE1F70E82600D50722 /* user_center_vip_silver_seletced@3x.png */,
				CD8446BF1F70E82600D50722 /* user_center_vipbtn_bg@3x.png */,
				CD8446C01F70E82600D50722 /* user_center_wait_comment@3x.png */,
				CD8446C11F70E82600D50722 /* user_center_wait_resiverd@3x.png */,
				CD8446C21F70E82600D50722 /* user_center_waitPay@3x.png */,
				CD8446C31F70E82600D50722 /* user_center_waitting_send@3x.png */,
				CD8446C41F70E82600D50722 /* user_look_history@3x.png */,
				CD8446C51F70E82600D50722 /* user_myactivity@3x.png */,
				CD8446C61F70E82600D50722 /* user_nav_message_black@3x.png */,
				CD8446C71F70E82600D50722 /* user_nav_message_white@3x.png */,
				CD8446C81F70E82600D50722 /* user_nav_setting_black@3x.png */,
				CD8446C91F70E82600D50722 /* user_nav_setting_white@3x.png */,
				CD8446CA1F70E82600D50722 /* user_nologin@3x.png */,
				CD8446CB1F70E82600D50722 /* user_phone_num@3x.png */,
				CD8446CC1F70E82600D50722 /* user_wallet_img@3x.png */,
				CD8446CD1F70E82600D50722 /* vip_bg_enalble@3x.png */,
				CD8446CE1F70E82600D50722 /* vip_bg_normal@3x.png */,
				CD8446CF1F70E82600D50722 /* vip_bg_seletced@3x.png */,
			);
			path = UserCenter;
			sourceTree = "<group>";
		};
		CD844C7C1F70E8F900D50722 /* Model */ = {
			isa = PBXGroup;
			children = (
				CD844C7D1F70E8F900D50722 /* Model.swift */,
				CD844C7E1F70E8F900D50722 /* ResponseObject.swift */,
			);
			path = Model;
			sourceTree = "<group>";
		};
		CDE202951F710F6F00CB0145 /* Counter */ = {
			isa = PBXGroup;
			children = (
				CDE202961F71100800CB0145 /* CounterViewController.swift */,
				CDE202981F71160300CB0145 /* CounterTableViewCell.swift */,
				CD7F85651F72387100BDE5AE /* CounterSectionHeaderView.swift */,
			);
			path = Counter;
			sourceTree = "<group>";
		};
		CDE2029B1F71186800CB0145 /* Counter */ = {
			isa = PBXGroup;
			children = (
				CDE2029C1F71187800CB0145 /* CounterViewModel.swift */,
			);
			path = Counter;
			sourceTree = "<group>";
		};
		CDFE07A01F70BE3500C89CA9 /* User */ = {
			isa = PBXGroup;
			children = (
				CDFE07A11F70BE3500C89CA9 /* Login */,
			);
			path = User;
			sourceTree = "<group>";
		};
		CDFE07A11F70BE3500C89CA9 /* Login */ = {
			isa = PBXGroup;
			children = (
				CDFE07A21F70BEB500C89CA9 /* LoginViewController.swift */,
				CD844C811F70F23A00D50722 /* CaptchaLoginVC.swift */,
				CDE202931F7102CD00CB0145 /* ResetPasswordVC.swift */,
			);
			path = Login;
			sourceTree = "<group>";
		};
/* End PBXGroup section */

/* Begin PBXNativeTarget section */
		CD69C4561F66874000623B91 /* ContainerButler */ = {
			isa = PBXNativeTarget;
			buildConfigurationList = CD69C46C1F66874000623B91 /* Build configuration list for PBXNativeTarget "ContainerButler" */;
			buildPhases = (
				2C5BDCB13CC961A695C87710 /* [CP] Check Pods Manifest.lock */,
				CD69C4531F66874000623B91 /* Sources */,
				CD69C4541F66874000623B91 /* Frameworks */,
				CD69C4551F66874000623B91 /* Resources */,
				05079BA6C5AF9939C55E0648 /* [CP] Embed Pods Frameworks */,
				E3988289034A41152DC30C20 /* [CP] Copy Pods Resources */,
				CD2CD6081F66DDB300C22166 /* Swiftlint */,
			);
			buildRules = (
			);
			dependencies = (
			);
			name = ContainerButler;
			productName = Container;
			productReference = CD69C4571F66874000623B91 /* ContainerButler.app */;
			productType = "com.apple.product-type.application";
		};
/* End PBXNativeTarget section */

/* Begin PBXProject section */
		CD69C44F1F66874000623B91 /* Project object */ = {
			isa = PBXProject;
			attributes = {
				LastSwiftUpdateCheck = 0830;
				LastUpgradeCheck = 0900;
				ORGANIZATIONNAME = QuanChengShouWei;
				TargetAttributes = {
					CD69C4561F66874000623B91 = {
						CreatedOnToolsVersion = 8.3.3;
						DevelopmentTeam = S5AUADUBV2;
						ProvisioningStyle = Automatic;
					};
				};
			};
			buildConfigurationList = CD69C4521F66874000623B91 /* Build configuration list for PBXProject "ContainerButler" */;
			compatibilityVersion = "Xcode 3.2";
			developmentRegion = English;
			hasScannedForEncodings = 0;
			knownRegions = (
				en,
				Base,
			);
			mainGroup = CD69C44E1F66874000623B91;
			productRefGroup = CD69C4581F66874000623B91 /* Products */;
			projectDirPath = "";
			projectRoot = "";
			targets = (
				CD69C4561F66874000623B91 /* ContainerButler */,
			);
		};
/* End PBXProject section */

/* Begin PBXResourcesBuildPhase section */
		CD69C4551F66874000623B91 /* Resources */ = {
			isa = PBXResourcesBuildPhase;
			buildActionMask = 2147483647;
			files = (
				CD844C561F70E82800D50722 /* user_center_captch@3x.png in Resources */,
				CD844C611F70E82800D50722 /* user_center_vip_copper_seletced@3x.png in Resources */,
				CD844C551F70E82800D50722 /* user_center_allorder@3x.png in Resources */,
				CD844C691F70E82800D50722 /* user_center_vip_silver_normal@3x.png in Resources */,
				CD844C651F70E82800D50722 /* user_center_vip_gold_seletced@3x.png in Resources */,
				CD2CD60A1F66DE8B00C22166 /* .swiftlint.yml in Resources */,
				CD844C5D1F70E82800D50722 /* user_center_pwd@3x.png in Resources */,
				CD844C631F70E82800D50722 /* user_center_vip_diamond_seletced@3x.png in Resources */,
				CD69C4681F66874000623B91 /* LaunchScreen.storyboard in Resources */,
				CD844C711F70E82800D50722 /* user_myactivity@3x.png in Resources */,
				CD844C7B1F70E82800D50722 /* vip_bg_seletced@3x.png in Resources */,
				CD844C541F70E82800D50722 /* user_center_account@3x.png in Resources */,
				CD844C571F70E82800D50722 /* user_center_enter_pwd@3x.png in Resources */,
				CD844C721F70E82800D50722 /* user_nav_message_black@3x.png in Resources */,
				CD844C491F70E82800D50722 /* earnings_icon@3x.png in Resources */,
				CD844C6B1F70E82800D50722 /* user_center_vipbtn_bg@3x.png in Resources */,
				CD844C601F70E82800D50722 /* user_center_vip_copper_normal@3x.png in Resources */,
				CD844C7A1F70E82800D50722 /* vip_bg_normal@3x.png in Resources */,
				CD844C6D1F70E82800D50722 /* user_center_wait_resiverd@3x.png in Resources */,
				CD844C641F70E82800D50722 /* user_center_vip_gold_normal@3x.png in Resources */,
				CD844C6F1F70E82800D50722 /* user_center_waitting_send@3x.png in Resources */,
				CD844C481F70E82800D50722 /* cash_out_succeed@3x.png in Resources */,
				CD844C681F70E82800D50722 /* user_center_vip_seletced_normal@3x.png in Resources */,
				CD844C521F70E82800D50722 /* setting_binded_icon@3x.png in Resources */,
				CD844C531F70E82800D50722 /* upload_camre_icon@3x.png in Resources */,
				CD844C501F70E82800D50722 /* loginBtn_normal@3x.png in Resources */,
				CD844C6E1F70E82800D50722 /* user_center_waitPay@3x.png in Resources */,
				CD844C701F70E82800D50722 /* user_look_history@3x.png in Resources */,
				CD844C5B1F70E82800D50722 /* user_center_more@3x.png in Resources */,
				CD844C4F1F70E82800D50722 /* loginBtn_highlighted@3x.png in Resources */,
				CD844C511F70E82800D50722 /* pulic_pic_deleted@3x.png in Resources */,
				CD844C5A1F70E82800D50722 /* user_center_level_bg.png in Resources */,
				CD844C4C1F70E82800D50722 /* login_qq@3x.png in Resources */,
				CD844C5C1F70E82800D50722 /* user_center_paizza@3x.png in Resources */,
				CD844C5F1F70E82800D50722 /* user_center_vip@3x.png in Resources */,
				CD844C4D1F70E82800D50722 /* login_sina@3x.png in Resources */,
				CD844C621F70E82800D50722 /* user_center_vip_diamond_normal@3x.png in Resources */,
				CD844C591F70E82800D50722 /* user_center_header_bg@3x.png in Resources */,
				CD844C791F70E82800D50722 /* vip_bg_enalble@3x.png in Resources */,
				CD844C6A1F70E82800D50722 /* user_center_vip_silver_seletced@3x.png in Resources */,
				CD844C671F70E82800D50722 /* user_center_vip_king_seletced@3x.png in Resources */,
				CD844C6C1F70E82800D50722 /* user_center_wait_comment@3x.png in Resources */,
				CD844C731F70E82800D50722 /* user_nav_message_white@3x.png in Resources */,
				CD844C751F70E82800D50722 /* user_nav_setting_white@3x.png in Resources */,
				CD69C4651F66874000623B91 /* Assets.xcassets in Resources */,
				CD844C5E1F70E82800D50722 /* user_center_server@3x.png in Resources */,
				CD844C4A1F70E82800D50722 /* gender_female@3x.png in Resources */,
				CD844C761F70E82800D50722 /* user_nologin@3x.png in Resources */,
				CD844C661F70E82800D50722 /* user_center_vip_king_normal@3x.png in Resources */,
				CD844C581F70E82800D50722 /* user_center_exchange@3x.png in Resources */,
				CD844C771F70E82800D50722 /* user_phone_num@3x.png in Resources */,
				CD844C471F70E82800D50722 /* auth_succeed@3x.png in Resources */,
				CD844C4B1F70E82800D50722 /* gender_male@3x.png in Resources */,
				CD844C741F70E82800D50722 /* user_nav_setting_black@3x.png in Resources */,
				CD844C4E1F70E82800D50722 /* login_wechat@3x.png in Resources */,
				CD844C781F70E82800D50722 /* user_wallet_img@3x.png in Resources */,
			);
			runOnlyForDeploymentPostprocessing = 0;
		};
/* End PBXResourcesBuildPhase section */

/* Begin PBXShellScriptBuildPhase section */
		05079BA6C5AF9939C55E0648 /* [CP] Embed Pods Frameworks */ = {
			isa = PBXShellScriptBuildPhase;
			buildActionMask = 2147483647;
			files = (
			);
			inputPaths = (
				"${SRCROOT}/Pods/Target Support Files/Pods-ContainerButler/Pods-ContainerButler-frameworks.sh",
				"${BUILT_PRODUCTS_DIR}/Alamofire/Alamofire.framework",
				"${BUILT_PRODUCTS_DIR}/Kingfisher/Kingfisher.framework",
				"${BUILT_PRODUCTS_DIR}/MJRefresh/MJRefresh.framework",
				"${BUILT_PRODUCTS_DIR}/ObjectMapper/ObjectMapper.framework",
				"${BUILT_PRODUCTS_DIR}/RxCocoa/RxCocoa.framework",
				"${BUILT_PRODUCTS_DIR}/RxDataSources/RxDataSources.framework",
				"${BUILT_PRODUCTS_DIR}/RxSwift/RxSwift.framework",
				"${BUILT_PRODUCTS_DIR}/SVProgressHUD/SVProgressHUD.framework",
				"${BUILT_PRODUCTS_DIR}/SnapKit/SnapKit.framework",
				"${BUILT_PRODUCTS_DIR}/SwiftDate/SwiftDate.framework",
			);
			name = "[CP] Embed Pods Frameworks";
			outputPaths = (
				"${TARGET_BUILD_DIR}/${FRAMEWORKS_FOLDER_PATH}/Alamofire.framework",
				"${TARGET_BUILD_DIR}/${FRAMEWORKS_FOLDER_PATH}/Kingfisher.framework",
				"${TARGET_BUILD_DIR}/${FRAMEWORKS_FOLDER_PATH}/MJRefresh.framework",
				"${TARGET_BUILD_DIR}/${FRAMEWORKS_FOLDER_PATH}/ObjectMapper.framework",
				"${TARGET_BUILD_DIR}/${FRAMEWORKS_FOLDER_PATH}/RxCocoa.framework",
				"${TARGET_BUILD_DIR}/${FRAMEWORKS_FOLDER_PATH}/RxDataSources.framework",
				"${TARGET_BUILD_DIR}/${FRAMEWORKS_FOLDER_PATH}/RxSwift.framework",
				"${TARGET_BUILD_DIR}/${FRAMEWORKS_FOLDER_PATH}/SVProgressHUD.framework",
				"${TARGET_BUILD_DIR}/${FRAMEWORKS_FOLDER_PATH}/SnapKit.framework",
				"${TARGET_BUILD_DIR}/${FRAMEWORKS_FOLDER_PATH}/SwiftDate.framework",
			);
			runOnlyForDeploymentPostprocessing = 0;
			shellPath = /bin/sh;
			shellScript = "\"${SRCROOT}/Pods/Target Support Files/Pods-ContainerButler/Pods-ContainerButler-frameworks.sh\"\n";
			showEnvVarsInLog = 0;
		};
		2C5BDCB13CC961A695C87710 /* [CP] Check Pods Manifest.lock */ = {
			isa = PBXShellScriptBuildPhase;
			buildActionMask = 2147483647;
			files = (
			);
			inputPaths = (
				"${PODS_PODFILE_DIR_PATH}/Podfile.lock",
				"${PODS_ROOT}/Manifest.lock",
			);
			name = "[CP] Check Pods Manifest.lock";
			outputPaths = (
				"$(DERIVED_FILE_DIR)/Pods-ContainerButler-checkManifestLockResult.txt",
			);
			runOnlyForDeploymentPostprocessing = 0;
			shellPath = /bin/sh;
			shellScript = "diff \"${PODS_PODFILE_DIR_PATH}/Podfile.lock\" \"${PODS_ROOT}/Manifest.lock\" > /dev/null\nif [ $? != 0 ] ; then\n    # print error to STDERR\n    echo \"error: The sandbox is not in sync with the Podfile.lock. Run 'pod install' or update your CocoaPods installation.\" >&2\n    exit 1\nfi\n# This output is used by Xcode 'outputs' to avoid re-running this script phase.\necho \"SUCCESS\" > \"${SCRIPT_OUTPUT_FILE_0}\"\n";
			showEnvVarsInLog = 0;
		};
		CD2CD6081F66DDB300C22166 /* Swiftlint */ = {
			isa = PBXShellScriptBuildPhase;
			buildActionMask = 2147483647;
			files = (
			);
			inputPaths = (
			);
			name = Swiftlint;
			outputPaths = (
			);
			runOnlyForDeploymentPostprocessing = 0;
			shellPath = /bin/sh;
			shellScript = "if which swiftlint >/dev/null; then\nswiftlint\nelse\necho \"warning: SwiftLint not installed, download from https://github.com/realm/SwiftLint\"\nfi";
		};
		E3988289034A41152DC30C20 /* [CP] Copy Pods Resources */ = {
			isa = PBXShellScriptBuildPhase;
			buildActionMask = 2147483647;
			files = (
			);
			inputPaths = (
			);
			name = "[CP] Copy Pods Resources";
			outputPaths = (
			);
			runOnlyForDeploymentPostprocessing = 0;
			shellPath = /bin/sh;
			shellScript = "\"${SRCROOT}/Pods/Target Support Files/Pods-ContainerButler/Pods-ContainerButler-resources.sh\"\n";
			showEnvVarsInLog = 0;
		};
/* End PBXShellScriptBuildPhase section */

/* Begin PBXSourcesBuildPhase section */
		CD69C4531F66874000623B91 /* Sources */ = {
			isa = PBXSourcesBuildPhase;
			buildActionMask = 2147483647;
			files = (
				CD3BAD761F72580200902F91 /* YBPopupMenu.m in Sources */,
				CD3BAD771F72580200902F91 /* YBPopupMenuPath.m in Sources */,
				CD3BAD781F72580200902F91 /* YBRectConst.m in Sources */,
				CD3BAD6E1F72560A00902F91 /* GIBadgeView.m in Sources */,
				CDFE07A31F70BEB500C89CA9 /* LoginViewController.swift in Sources */,
				CDE202941F7102CD00CB0145 /* ResetPasswordVC.swift in Sources */,
				CD78F09C1F67D97300D50B7B /* CoreData.swift in Sources */,
				CDF6B50A1F68C44A000A1915 /* Network.swift in Sources */,
				CD69C4831F66916C00623B91 /* AppConfig.swift in Sources */,
				CD7F85661F72387100BDE5AE /* CounterSectionHeaderView.swift in Sources */,
				CD78F09E1F67D97300D50B7B /* UIImagePickerController+RxCreate.swift in Sources */,
				CDB99FD91F70C9A900C68D72 /* UIButton+CountDown.m in Sources */,
				CDE202991F71160300CB0145 /* CounterTableViewCell.swift in Sources */,
				CD78F0941F67C6B000D50B7B /* TabBarController.swift in Sources */,
				CD844C821F70F23A00D50722 /* CaptchaLoginVC.swift in Sources */,
				CD844C801F70E8F900D50722 /* ResponseObject.swift in Sources */,
				CD69C4811F66908E00623B91 /* CommonWebVC.swift in Sources */,
				CD78F0921F67C66E00D50B7B /* NavigationController.swift in Sources */,
				CD69C4631F66874000623B91 /* ContainerButler.xcdatamodeld in Sources */,
				CDF6B50C1F68C4A6000A1915 /* Router.swift in Sources */,
				CD78F0901F67AE3F00D50B7B /* Location.swift in Sources */,
				CD78F09D1F67D97300D50B7B /* Extension.swift in Sources */,
				CDE2029D1F71187800CB0145 /* CounterViewModel.swift in Sources */,
				CD69C45B1F66874000623B91 /* AppDelegate.swift in Sources */,
				CD69C47F1F668FE500623B91 /* BaseViewController.swift in Sources */,
				CD844C7F1F70E8F900D50722 /* Model.swift in Sources */,
				CDF6B50E1F68C88D000A1915 /* RequestManager.swift in Sources */,
				CD78F08E1F6782AB00D50B7B /* HUD.swift in Sources */,
				CDE202971F71100800CB0145 /* CounterViewController.swift in Sources */,
				CDF6B5101F68D136000A1915 /* Enum.swift in Sources */,
				CD69C47A1F668EDF00623B91 /* Protocol.swift in Sources */,
			);
			runOnlyForDeploymentPostprocessing = 0;
		};
/* End PBXSourcesBuildPhase section */

/* Begin PBXVariantGroup section */
		CD69C4661F66874000623B91 /* LaunchScreen.storyboard */ = {
			isa = PBXVariantGroup;
			children = (
				CD69C4671F66874000623B91 /* Base */,
			);
			name = LaunchScreen.storyboard;
			sourceTree = "<group>";
		};
/* End PBXVariantGroup section */

/* Begin XCBuildConfiguration section */
		CD69C46A1F66874000623B91 /* Debug */ = {
			isa = XCBuildConfiguration;
			buildSettings = {
				ALWAYS_SEARCH_USER_PATHS = NO;
				CLANG_ANALYZER_NONNULL = YES;
				CLANG_ANALYZER_NUMBER_OBJECT_CONVERSION = YES_AGGRESSIVE;
				CLANG_CXX_LANGUAGE_STANDARD = "gnu++0x";
				CLANG_CXX_LIBRARY = "libc++";
				CLANG_ENABLE_MODULES = YES;
				CLANG_ENABLE_OBJC_ARC = YES;
				CLANG_WARN_BLOCK_CAPTURE_AUTORELEASING = YES;
				CLANG_WARN_BOOL_CONVERSION = YES;
				CLANG_WARN_COMMA = YES;
				CLANG_WARN_CONSTANT_CONVERSION = YES;
				CLANG_WARN_DIRECT_OBJC_ISA_USAGE = YES_ERROR;
				CLANG_WARN_DOCUMENTATION_COMMENTS = YES;
				CLANG_WARN_EMPTY_BODY = YES;
				CLANG_WARN_ENUM_CONVERSION = YES;
				CLANG_WARN_INFINITE_RECURSION = YES;
				CLANG_WARN_INT_CONVERSION = YES;
				CLANG_WARN_NON_LITERAL_NULL_CONVERSION = YES;
				CLANG_WARN_OBJC_LITERAL_CONVERSION = YES;
				CLANG_WARN_OBJC_ROOT_CLASS = YES_ERROR;
				CLANG_WARN_RANGE_LOOP_ANALYSIS = YES;
				CLANG_WARN_STRICT_PROTOTYPES = YES;
				CLANG_WARN_SUSPICIOUS_MOVE = YES;
				CLANG_WARN_UNREACHABLE_CODE = YES;
				CLANG_WARN__DUPLICATE_METHOD_MATCH = YES;
				"CODE_SIGN_IDENTITY[sdk=iphoneos*]" = "iPhone Developer";
				COPY_PHASE_STRIP = NO;
				DEBUG_INFORMATION_FORMAT = dwarf;
				ENABLE_STRICT_OBJC_MSGSEND = YES;
				ENABLE_TESTABILITY = YES;
				GCC_C_LANGUAGE_STANDARD = gnu99;
				GCC_DYNAMIC_NO_PIC = NO;
				GCC_NO_COMMON_BLOCKS = YES;
				GCC_OPTIMIZATION_LEVEL = 0;
				GCC_PREPROCESSOR_DEFINITIONS = (
					"DEBUG=1",
					"$(inherited)",
				);
				GCC_WARN_64_TO_32_BIT_CONVERSION = YES;
				GCC_WARN_ABOUT_RETURN_TYPE = YES_ERROR;
				GCC_WARN_UNDECLARED_SELECTOR = YES;
				GCC_WARN_UNINITIALIZED_AUTOS = YES_AGGRESSIVE;
				GCC_WARN_UNUSED_FUNCTION = YES;
				GCC_WARN_UNUSED_VARIABLE = YES;
				IPHONEOS_DEPLOYMENT_TARGET = 10.3;
				MTL_ENABLE_DEBUG_INFO = YES;
				ONLY_ACTIVE_ARCH = YES;
				SDKROOT = iphoneos;
				SWIFT_ACTIVE_COMPILATION_CONDITIONS = DEBUG;
				SWIFT_OPTIMIZATION_LEVEL = "-Onone";
			};
			name = Debug;
		};
		CD69C46B1F66874000623B91 /* Release */ = {
			isa = XCBuildConfiguration;
			buildSettings = {
				ALWAYS_SEARCH_USER_PATHS = NO;
				CLANG_ANALYZER_NONNULL = YES;
				CLANG_ANALYZER_NUMBER_OBJECT_CONVERSION = YES_AGGRESSIVE;
				CLANG_CXX_LANGUAGE_STANDARD = "gnu++0x";
				CLANG_CXX_LIBRARY = "libc++";
				CLANG_ENABLE_MODULES = YES;
				CLANG_ENABLE_OBJC_ARC = YES;
				CLANG_WARN_BLOCK_CAPTURE_AUTORELEASING = YES;
				CLANG_WARN_BOOL_CONVERSION = YES;
				CLANG_WARN_COMMA = YES;
				CLANG_WARN_CONSTANT_CONVERSION = YES;
				CLANG_WARN_DIRECT_OBJC_ISA_USAGE = YES_ERROR;
				CLANG_WARN_DOCUMENTATION_COMMENTS = YES;
				CLANG_WARN_EMPTY_BODY = YES;
				CLANG_WARN_ENUM_CONVERSION = YES;
				CLANG_WARN_INFINITE_RECURSION = YES;
				CLANG_WARN_INT_CONVERSION = YES;
				CLANG_WARN_NON_LITERAL_NULL_CONVERSION = YES;
				CLANG_WARN_OBJC_LITERAL_CONVERSION = YES;
				CLANG_WARN_OBJC_ROOT_CLASS = YES_ERROR;
				CLANG_WARN_RANGE_LOOP_ANALYSIS = YES;
				CLANG_WARN_STRICT_PROTOTYPES = YES;
				CLANG_WARN_SUSPICIOUS_MOVE = YES;
				CLANG_WARN_UNREACHABLE_CODE = YES;
				CLANG_WARN__DUPLICATE_METHOD_MATCH = YES;
				"CODE_SIGN_IDENTITY[sdk=iphoneos*]" = "iPhone Developer";
				COPY_PHASE_STRIP = NO;
				DEBUG_INFORMATION_FORMAT = "dwarf-with-dsym";
				ENABLE_NS_ASSERTIONS = NO;
				ENABLE_STRICT_OBJC_MSGSEND = YES;
				GCC_C_LANGUAGE_STANDARD = gnu99;
				GCC_NO_COMMON_BLOCKS = YES;
				GCC_WARN_64_TO_32_BIT_CONVERSION = YES;
				GCC_WARN_ABOUT_RETURN_TYPE = YES_ERROR;
				GCC_WARN_UNDECLARED_SELECTOR = YES;
				GCC_WARN_UNINITIALIZED_AUTOS = YES_AGGRESSIVE;
				GCC_WARN_UNUSED_FUNCTION = YES;
				GCC_WARN_UNUSED_VARIABLE = YES;
				IPHONEOS_DEPLOYMENT_TARGET = 10.3;
				MTL_ENABLE_DEBUG_INFO = NO;
				SDKROOT = iphoneos;
				SWIFT_OPTIMIZATION_LEVEL = "-Owholemodule";
				VALIDATE_PRODUCT = YES;
			};
			name = Release;
		};
		CD69C46D1F66874000623B91 /* Debug */ = {
			isa = XCBuildConfiguration;
			baseConfigurationReference = 3A33785C1CC8431B187D1A1B /* Pods-ContainerButler.debug.xcconfig */;
			buildSettings = {
				ASSETCATALOG_COMPILER_APPICON_NAME = AppIcon;
				"CODE_SIGN_IDENTITY[sdk=iphoneos*]" = "iPhone Developer";
				DEVELOPMENT_TEAM = S5AUADUBV2;
				ENABLE_BITCODE = NO;
				FRAMEWORK_SEARCH_PATHS = "$(inherited)";
				INFOPLIST_FILE = ContainerButler/Info.plist;
				IPHONEOS_DEPLOYMENT_TARGET = 10.0;
				LD_RUNPATH_SEARCH_PATHS = "$(inherited) @executable_path/Frameworks";
				OTHER_LDFLAGS = (
					"$(inherited)",
					"-framework",
					"\"Alamofire\"",
					"-framework",
					"\"Kingfisher\"",
					"-framework",
					"\"MJRefresh\"",
					"-framework",
					"\"ObjectMapper\"",
					"-framework",
					"\"RxCocoa\"",
					"-framework",
					"\"RxDataSources\"",
					"-framework",
					"\"RxSwift\"",
					"-framework",
					"\"SVProgressHUD\"",
					"-framework",
					"\"SnapKit\"",
					"-framework",
					"\"SwiftDate\"",
					"-ObjC",
				);
				PRODUCT_BUNDLE_IDENTIFIER = com.yxkj.deliveryman;
				PRODUCT_NAME = "$(TARGET_NAME)";
				PROVISIONING_PROFILE = "";
				PROVISIONING_PROFILE_SPECIFIER = "";
				SWIFT_OBJC_BRIDGING_HEADER = "ContainerButler/Vendor/Common/Container-Bridge-Header.h";
				SWIFT_VERSION = 4.0;
			};
			name = Debug;
		};
		CD69C46E1F66874000623B91 /* Release */ = {
			isa = XCBuildConfiguration;
			baseConfigurationReference = 023F0DC873BB46850BA2711A /* Pods-ContainerButler.release.xcconfig */;
			buildSettings = {
				ASSETCATALOG_COMPILER_APPICON_NAME = AppIcon;
				"CODE_SIGN_IDENTITY[sdk=iphoneos*]" = "iPhone Developer";
				DEVELOPMENT_TEAM = S5AUADUBV2;
				ENABLE_BITCODE = NO;
				FRAMEWORK_SEARCH_PATHS = "$(inherited)";
				INFOPLIST_FILE = ContainerButler/Info.plist;
				IPHONEOS_DEPLOYMENT_TARGET = 10.0;
				LD_RUNPATH_SEARCH_PATHS = "$(inherited) @executable_path/Frameworks";
				OTHER_LDFLAGS = (
					"$(inherited)",
					"-framework",
					"\"Alamofire\"",
					"-framework",
					"\"Kingfisher\"",
					"-framework",
					"\"MJRefresh\"",
					"-framework",
					"\"ObjectMapper\"",
					"-framework",
					"\"RxCocoa\"",
					"-framework",
					"\"RxDataSources\"",
					"-framework",
					"\"RxSwift\"",
					"-framework",
					"\"SVProgressHUD\"",
					"-framework",
					"\"SnapKit\"",
					"-framework",
					"\"SwiftDate\"",
					"-ObjC",
				);
				PRODUCT_BUNDLE_IDENTIFIER = com.yxkj.deliveryman;
				PRODUCT_NAME = "$(TARGET_NAME)";
				PROVISIONING_PROFILE = "";
				PROVISIONING_PROFILE_SPECIFIER = "";
				SWIFT_OBJC_BRIDGING_HEADER = "ContainerButler/Vendor/Common/Container-Bridge-Header.h";
				SWIFT_VERSION = 4.0;
			};
			name = Release;
		};
/* End XCBuildConfiguration section */

/* Begin XCConfigurationList section */
		CD69C4521F66874000623B91 /* Build configuration list for PBXProject "ContainerButler" */ = {
			isa = XCConfigurationList;
			buildConfigurations = (
				CD69C46A1F66874000623B91 /* Debug */,
				CD69C46B1F66874000623B91 /* Release */,
			);
			defaultConfigurationIsVisible = 0;
			defaultConfigurationName = Release;
		};
		CD69C46C1F66874000623B91 /* Build configuration list for PBXNativeTarget "ContainerButler" */ = {
			isa = XCConfigurationList;
			buildConfigurations = (
				CD69C46D1F66874000623B91 /* Debug */,
				CD69C46E1F66874000623B91 /* Release */,
			);
			defaultConfigurationIsVisible = 0;
			defaultConfigurationName = Release;
		};
/* End XCConfigurationList section */

/* Begin XCVersionGroup section */
		CD69C4611F66874000623B91 /* ContainerButler.xcdatamodeld */ = {
			isa = XCVersionGroup;
			children = (
				CD69C4621F66874000623B91 /* ContainerButler.xcdatamodel */,
			);
			currentVersion = CD69C4621F66874000623B91 /* ContainerButler.xcdatamodel */;
			path = ContainerButler.xcdatamodeld;
			sourceTree = "<group>";
			versionGroupType = wrapper.xcdatamodel;
		};
/* End XCVersionGroup section */
	};
	rootObject = CD69C44F1F66874000623B91 /* Project object */;
}
